
Microsoft Visual Studio Solution File, Format Version 12.00
# Visual Studio Version 17
VisualStudioVersion = 17.3.32901.215
MinimumVisualStudioVersion = 10.0.40219.1
Project("{FAE04EC0-301F-11D3-BF4B-00C04F79EFBC}") = "Video Game Reviewer", "Video Game Reviewer.csproj", "{D4F175AF-B7A3-4955-B64B-BDF51A80625A}"
EndProject
Global
	GlobalSection(SolutionConfigurationPlatforms) = preSolution
		Debug|Any CPU = Debug|Any CPU
		Release|Any CPU = Release|Any CPU
	EndGlobalSection
	GlobalSection(ProjectConfigurationPlatforms) = postSolution
		{D4F175AF-B7A3-4955-B64B-BDF51A80625A}.Debug|Any CPU.ActiveCfg = Debug|Any CPU
		{D4F175AF-B7A3-4955-B64B-BDF51A80625A}.Debug|Any CPU.Build.0 = Debug|Any CPU
		{D4F175AF-B7A3-4955-B64B-BDF51A80625A}.Release|Any CPU.ActiveCfg = Release|Any CPU
		{D4F175AF-B7A3-4955-B64B-BDF51A80625A}.Release|Any CPU.Build.0 = Release|Any CPU
	EndGlobalSection
	GlobalSection(SolutionProperties) = preSolution
		HideSolutionNode = FALSE
	EndGlobalSection
	GlobalSection(ExtensibilityGlobals) = postSolution
		SolutionGuid = {1814C78B-1F61-462C-8CB7-E4A42A717E26}
	EndGlobalSection
EndGlobal
